
Microsoft Visual Studio Solution File, Format Version 12.00
# Visual Studio Version 17
VisualStudioVersion = 17.5.002.0
MinimumVisualStudioVersion = 10.0.40219.1
Project("{9A19103F-16F7-4668-BE54-9A1E7A4F7556}") = "KeyboardHook", "KeyboardHook\KeyboardHook.csproj", "{BA8B468A-B819-47E4-93F3-6FA917A82DA3}"
EndProject
Project("{9A19103F-16F7-4668-BE54-9A1E7A4F7556}") = "KeyboardHookTest_WPF", "KeyboardHookTest_WPF\KeyboardHookTest_WPF.csproj", "{8424CBDC-00E0-4AD8-8638-2D6DA4BE9B0F}"
EndProject
Global
	GlobalSection(SolutionConfigurationPlatforms) = preSolution
		Debug|Any CPU = Debug|Any CPU
		Release|Any CPU = Release|Any CPU
	EndGlobalSection
	GlobalSection(ProjectConfigurationPlatforms) = postSolution
		{BA8B468A-B819-47E4-93F3-6FA917A82DA3}.Debug|Any CPU.ActiveCfg = Debug|Any CPU
		{BA8B468A-B819-47E4-93F3-6FA917A82DA3}.Debug|Any CPU.Build.0 = Debug|Any CPU
		{BA8B468A-B819-47E4-93F3-6FA917A82DA3}.Release|Any CPU.ActiveCfg = Release|Any CPU
		{BA8B468A-B819-47E4-93F3-6FA917A82DA3}.Release|Any CPU.Build.0 = Release|Any CPU
		{8424CBDC-00E0-4AD8-8638-2D6DA4BE9B0F}.Debug|Any CPU.ActiveCfg = Debug|Any CPU
		{8424CBDC-00E0-4AD8-8638-2D6DA4BE9B0F}.Debug|Any CPU.Build.0 = Debug|Any CPU
		{8424CBDC-00E0-4AD8-8638-2D6DA4BE9B0F}.Release|Any CPU.ActiveCfg = Release|Any CPU
		{8424CBDC-00E0-4AD8-8638-2D6DA4BE9B0F}.Release|Any CPU.Build.0 = Release|Any CPU
	EndGlobalSection
	GlobalSection(SolutionProperties) = preSolution
		HideSolutionNode = FALSE
	EndGlobalSection
	GlobalSection(ExtensibilityGlobals) = postSolution
		SolutionGuid = {E0F8E1AD-091C-45D4-80D9-8FEDF904C196}
	EndGlobalSection
EndGlobal
